
Microsoft Visual Studio Solution File, Format Version 12.00
Project("{FAE04EC0-301F-11D3-BF4B-00C04F79EFBC}") = "GUI", "GUI\GUI.csproj", "{28152379-ABDD-4B82-AFBC-1ED61E63BE43}"
EndProject
Global
	GlobalSection(SolutionConfigurationPlatforms) = preSolution
		Debug|Any CPU = Debug|Any CPU
		Release|Any CPU = Release|Any CPU
	EndGlobalSection
	GlobalSection(ProjectConfigurationPlatforms) = postSolution
		{28152379-ABDD-4B82-AFBC-1ED61E63BE43}.Debug|Any CPU.ActiveCfg = Debug|Any CPU
		{28152379-ABDD-4B82-AFBC-1ED61E63BE43}.Debug|Any CPU.Build.0 = Debug|Any CPU
		{28152379-ABDD-4B82-AFBC-1ED61E63BE43}.Release|Any CPU.ActiveCfg = Release|Any CPU
		{28152379-ABDD-4B82-AFBC-1ED61E63BE43}.Release|Any CPU.Build.0 = Release|Any CPU
	EndGlobalSection
EndGlobal
